
Microsoft Visual Studio Solution File, Format Version 12.00
# Visual Studio Version 17
VisualStudioVersion = 17.10.34928.147
MinimumVisualStudioVersion = 10.0.40219.1
Project("{FAE04EC0-301F-11D3-BF4B-00C04F79EFBC}") = "CRUDemployee", "CRUDemployee\CRUDemployee.csproj", "{8D772AA8-5F3F-446E-A222-F5176E42C63D}"
EndProject
Global
	GlobalSection(SolutionConfigurationPlatforms) = preSolution
		Debug|Any CPU = Debug|Any CPU
		Release|Any CPU = Release|Any CPU
	EndGlobalSection
	GlobalSection(ProjectConfigurationPlatforms) = postSolution
		{8D772AA8-5F3F-446E-A222-F5176E42C63D}.Debug|Any CPU.ActiveCfg = Debug|Any CPU
		{8D772AA8-5F3F-446E-A222-F5176E42C63D}.Debug|Any CPU.Build.0 = Debug|Any CPU
		{8D772AA8-5F3F-446E-A222-F5176E42C63D}.Release|Any CPU.ActiveCfg = Release|Any CPU
		{8D772AA8-5F3F-446E-A222-F5176E42C63D}.Release|Any CPU.Build.0 = Release|Any CPU
	EndGlobalSection
	GlobalSection(SolutionProperties) = preSolution
		HideSolutionNode = FALSE
	EndGlobalSection
	GlobalSection(ExtensibilityGlobals) = postSolution
		SolutionGuid = {B0E7BA7F-0454-4E13-B270-D6EC1A5C2F13}
	EndGlobalSection
EndGlobal
